{
    "hash": "5a1a16aa7f9ea4fb899304f3f9e00d2c",
    "packages": [
        {
            "package": "zetacomponents/base",
            "version": "dev-master",
            "source-reference": "642f63a8a72c32996f1aaf8a317fdf746bc32ce7"
        }
    ],
    "packages-dev": [
        {
            "package": "zetacomponents/unit-test",
            "version": "dev-master",
            "source-reference": "772d6e651cb90c6de10f975b2e323df98d1e4a2c"
        }
    ],
    "aliases": [

    ]
}
